
Microsoft Visual Studio Solution File, Format Version 12.00
# Visual Studio Version 16
VisualStudioVersion = 16.0.29806.167
MinimumVisualStudioVersion = 10.0.40219.1
Project("{9A19103F-16F7-4668-BE54-9A1E7A4F7556}") = "NasaPicturesAPI", "NasaPicturesAPI\NasaPicturesAPI.csproj", "{EF3A7E65-3F10-4046-8FCE-21B0E6B93D5C}"
EndProject
Project("{9A19103F-16F7-4668-BE54-9A1E7A4F7556}") = "ImageDowloader", "ImageDowloader\ImageDowloader.csproj", "{8466BEAB-44B4-4BC0-BFA1-E849133505F5}"
EndProject
Global
	GlobalSection(SolutionConfigurationPlatforms) = preSolution
		Debug|Any CPU = Debug|Any CPU
		Release|Any CPU = Release|Any CPU
	EndGlobalSection
	GlobalSection(ProjectConfigurationPlatforms) = postSolution
		{EF3A7E65-3F10-4046-8FCE-21B0E6B93D5C}.Debug|Any CPU.ActiveCfg = Debug|Any CPU
		{EF3A7E65-3F10-4046-8FCE-21B0E6B93D5C}.Debug|Any CPU.Build.0 = Debug|Any CPU
		{EF3A7E65-3F10-4046-8FCE-21B0E6B93D5C}.Release|Any CPU.ActiveCfg = Release|Any CPU
		{EF3A7E65-3F10-4046-8FCE-21B0E6B93D5C}.Release|Any CPU.Build.0 = Release|Any CPU
		{8466BEAB-44B4-4BC0-BFA1-E849133505F5}.Debug|Any CPU.ActiveCfg = Debug|Any CPU
		{8466BEAB-44B4-4BC0-BFA1-E849133505F5}.Debug|Any CPU.Build.0 = Debug|Any CPU
		{8466BEAB-44B4-4BC0-BFA1-E849133505F5}.Release|Any CPU.ActiveCfg = Release|Any CPU
		{8466BEAB-44B4-4BC0-BFA1-E849133505F5}.Release|Any CPU.Build.0 = Release|Any CPU
	EndGlobalSection
	GlobalSection(SolutionProperties) = preSolution
		HideSolutionNode = FALSE
	EndGlobalSection
	GlobalSection(ExtensibilityGlobals) = postSolution
		SolutionGuid = {D747134A-BED5-4EAB-9D7C-4E93D5E1A3EA}
	EndGlobalSection
EndGlobal
